
Microsoft Visual Studio Solution File, Format Version 12.00
# Visual Studio 15
VisualStudioVersion = 15.0.27703.2000
MinimumVisualStudioVersion = 10.0.40219.1
Project("{FAE04EC0-301F-11D3-BF4B-00C04F79EFBC}") = "DependencyInjectionX", "DependencyInjectionX\DependencyInjectionX.csproj", "{CAF5C3E7-0FBE-4181-B2A9-8878AE2DE9A9}"
EndProject
Global
	GlobalSection(SolutionConfigurationPlatforms) = preSolution
		Debug|Any CPU = Debug|Any CPU
		Release|Any CPU = Release|Any CPU
	EndGlobalSection
	GlobalSection(ProjectConfigurationPlatforms) = postSolution
		{CAF5C3E7-0FBE-4181-B2A9-8878AE2DE9A9}.Debug|Any CPU.ActiveCfg = Debug|Any CPU
		{CAF5C3E7-0FBE-4181-B2A9-8878AE2DE9A9}.Debug|Any CPU.Build.0 = Debug|Any CPU
		{CAF5C3E7-0FBE-4181-B2A9-8878AE2DE9A9}.Release|Any CPU.ActiveCfg = Release|Any CPU
		{CAF5C3E7-0FBE-4181-B2A9-8878AE2DE9A9}.Release|Any CPU.Build.0 = Release|Any CPU
	EndGlobalSection
	GlobalSection(SolutionProperties) = preSolution
		HideSolutionNode = FALSE
	EndGlobalSection
	GlobalSection(ExtensibilityGlobals) = postSolution
		SolutionGuid = {1B851116-CF8E-42FD-BD80-D86537963314}
	EndGlobalSection
EndGlobal
